// !$*UTF8*$!
{
	archiveVersion = 1;
	classes = {
	};
	objectVersion = 56;
	objects = {

/* Begin PBXBuildFile section */
		350A3CB5C51BB82FB7FCE361 /* libPods-librawPodDemo.a in Frameworks */ = {isa = PBXBuildFile; fileRef = EDFCDBC34D2044BEFCB5F9F7 /* libPods-librawPodDemo.a */; };
		EED74FC52B3047A200D5EBB0 /* AppDelegate.swift in Sources */ = {isa = PBXBuildFile; fileRef = EED74FC42B3047A200D5EBB0 /* AppDelegate.swift */; };
		EED74FC72B3047A200D5EBB0 /* ViewController.swift in Sources */ = {isa = PBXBuildFile; fileRef = EED74FC62B3047A200D5EBB0 /* ViewController.swift */; };
		EED74FC92B3047A300D5EBB0 /* Assets.xcassets in Resources */ = {isa = PBXBuildFile; fileRef = EED74FC82B3047A300D5EBB0 /* Assets.xcassets */; };
		EED74FCC2B3047A300D5EBB0 /* Main.storyboard in Resources */ = {isa = PBXBuildFile; fileRef = EED74FCA2B3047A300D5EBB0 /* Main.storyboard */; };
		EED74FD62B304B9200D5EBB0 /* PixRaw.mm in Sources */ = {isa = PBXBuildFile; fileRef = EED74FD52B304B9200D5EBB0 /* PixRaw.mm */; };
/* End PBXBuildFile section */

/* Begin PBXFileReference section */
		233D9EC114C048550B943871 /* Pods-librawPodDemo.debug.xcconfig */ = {isa = PBXFileReference; includeInIndex = 1; lastKnownFileType = text.xcconfig; name = "Pods-librawPodDemo.debug.xcconfig"; path = "Target Support Files/Pods-librawPodDemo/Pods-librawPodDemo.debug.xcconfig"; sourceTree = "<group>"; };
		7521B588357DC3662970AEC7 /* Pods-librawPodDemo.release.xcconfig */ = {isa = PBXFileReference; includeInIndex = 1; lastKnownFileType = text.xcconfig; name = "Pods-librawPodDemo.release.xcconfig"; path = "Target Support Files/Pods-librawPodDemo/Pods-librawPodDemo.release.xcconfig"; sourceTree = "<group>"; };
		EDFCDBC34D2044BEFCB5F9F7 /* libPods-librawPodDemo.a */ = {isa = PBXFileReference; explicitFileType = archive.ar; includeInIndex = 0; path = "libPods-librawPodDemo.a"; sourceTree = BUILT_PRODUCTS_DIR; };
		EED74FC12B3047A200D5EBB0 /* librawPodDemo.app */ = {isa = PBXFileReference; explicitFileType = wrapper.application; includeInIndex = 0; path = librawPodDemo.app; sourceTree = BUILT_PRODUCTS_DIR; };
		EED74FC42B3047A200D5EBB0 /* AppDelegate.swift */ = {isa = PBXFileReference; lastKnownFileType = sourcecode.swift; path = AppDelegate.swift; sourceTree = "<group>"; };
		EED74FC62B3047A200D5EBB0 /* ViewController.swift */ = {isa = PBXFileReference; lastKnownFileType = sourcecode.swift; path = ViewController.swift; sourceTree = "<group>"; };
		EED74FC82B3047A300D5EBB0 /* Assets.xcassets */ = {isa = PBXFileReference; lastKnownFileType = folder.assetcatalog; path = Assets.xcassets; sourceTree = "<group>"; };
		EED74FCB2B3047A300D5EBB0 /* Base */ = {isa = PBXFileReference; lastKnownFileType = file.storyboard; name = Base; path = Base.lproj/Main.storyboard; sourceTree = "<group>"; };
		EED74FCD2B3047A300D5EBB0 /* librawPodDemo.entitlements */ = {isa = PBXFileReference; lastKnownFileType = text.plist.entitlements; path = librawPodDemo.entitlements; sourceTree = "<group>"; };
		EED74FD32B304B9200D5EBB0 /* librawPodDemo-Bridging-Header.h */ = {isa = PBXFileReference; lastKnownFileType = sourcecode.c.h; path = "librawPodDemo-Bridging-Header.h"; sourceTree = "<group>"; };
		EED74FD42B304B9200D5EBB0 /* PixRaw.h */ = {isa = PBXFileReference; lastKnownFileType = sourcecode.c.h; path = PixRaw.h; sourceTree = "<group>"; };
		EED74FD52B304B9200D5EBB0 /* PixRaw.mm */ = {isa = PBXFileReference; lastKnownFileType = sourcecode.cpp.objcpp; path = PixRaw.mm; sourceTree = "<group>"; };
/* End PBXFileReference section */

/* Begin PBXFrameworksBuildPhase section */
		EED74FBE2B3047A200D5EBB0 /* Frameworks */ = {
			isa = PBXFrameworksBuildPhase;
			buildActionMask = 2147483647;
			files = (
				350A3CB5C51BB82FB7FCE361 /* libPods-librawPodDemo.a in Frameworks */,
			);
			runOnlyForDeploymentPostprocessing = 0;
		};
/* End PBXFrameworksBuildPhase section */

/* Begin PBXGroup section */
		5AC10E1F92BB9D01E5E78077 /* Pods */ = {
			isa = PBXGroup;
			children = (
				233D9EC114C048550B943871 /* Pods-librawPodDemo.debug.xcconfig */,
				7521B588357DC3662970AEC7 /* Pods-librawPodDemo.release.xcconfig */,
			);
			path = Pods;
			sourceTree = "<group>";
		};
		A491C1BA284D7A2991DED439 /* Frameworks */ = {
			isa = PBXGroup;
			children = (
				EDFCDBC34D2044BEFCB5F9F7 /* libPods-librawPodDemo.a */,
			);
			name = Frameworks;
			sourceTree = "<group>";
		};
		EED74FB82B3047A200D5EBB0 = {
			isa = PBXGroup;
			children = (
				EED74FC32B3047A200D5EBB0 /* librawPodDemo */,
				EED74FC22B3047A200D5EBB0 /* Products */,
				5AC10E1F92BB9D01E5E78077 /* Pods */,
				A491C1BA284D7A2991DED439 /* Frameworks */,
			);
			sourceTree = "<group>";
		};
		EED74FC22B3047A200D5EBB0 /* Products */ = {
			isa = PBXGroup;
			children = (
				EED74FC12B3047A200D5EBB0 /* librawPodDemo.app */,
			);
			name = Products;
			sourceTree = "<group>";
		};
		EED74FC32B3047A200D5EBB0 /* librawPodDemo */ = {
			isa = PBXGroup;
			children = (
				EED74FC42B3047A200D5EBB0 /* AppDelegate.swift */,
				EED74FC62B3047A200D5EBB0 /* ViewController.swift */,
				EED74FD42B304B9200D5EBB0 /* PixRaw.h */,
				EED74FD52B304B9200D5EBB0 /* PixRaw.mm */,
				EED74FC82B3047A300D5EBB0 /* Assets.xcassets */,
				EED74FCA2B3047A300D5EBB0 /* Main.storyboard */,
				EED74FCD2B3047A300D5EBB0 /* librawPodDemo.entitlements */,
				EED74FD32B304B9200D5EBB0 /* librawPodDemo-Bridging-Header.h */,
			);
			path = librawPodDemo;
			sourceTree = "<group>";
		};
/* End PBXGroup section */

/* Begin PBXNativeTarget section */
		EED74FC02B3047A200D5EBB0 /* librawPodDemo */ = {
			isa = PBXNativeTarget;
			buildConfigurationList = EED74FD02B3047A300D5EBB0 /* Build configuration list for PBXNativeTarget "librawPodDemo" */;
			buildPhases = (
				C5AEA01928B3E93D63A7C1B7 /* [CP] Check Pods Manifest.lock */,
				EED74FBD2B3047A200D5EBB0 /* Sources */,
				EED74FBE2B3047A200D5EBB0 /* Frameworks */,
				EED74FBF2B3047A200D5EBB0 /* Resources */,
			);
			buildRules = (
			);
			dependencies = (
			);
			name = librawPodDemo;
			productName = librawPodDemo;
			productReference = EED74FC12B3047A200D5EBB0 /* librawPodDemo.app */;
			productType = "com.apple.product-type.application";
		};
/* End PBXNativeTarget section */

/* Begin PBXProject section */
		EED74FB92B3047A200D5EBB0 /* Project object */ = {
			isa = PBXProject;
			attributes = {
				BuildIndependentTargetsInParallel = 1;
				LastSwiftUpdateCheck = 1500;
				LastUpgradeCheck = 1500;
				TargetAttributes = {
					EED74FC02B3047A200D5EBB0 = {
						CreatedOnToolsVersion = 15.0.1;
						LastSwiftMigration = 1500;
					};
				};
			};
			buildConfigurationList = EED74FBC2B3047A200D5EBB0 /* Build configuration list for PBXProject "librawPodDemo" */;
			compatibilityVersion = "Xcode 14.0";
			developmentRegion = en;
			hasScannedForEncodings = 0;
			knownRegions = (
				en,
				Base,
			);
			mainGroup = EED74FB82B3047A200D5EBB0;
			productRefGroup = EED74FC22B3047A200D5EBB0 /* Products */;
			projectDirPath = "";
			projectRoot = "";
			targets = (
				EED74FC02B3047A200D5EBB0 /* librawPodDemo */,
			);
		};
/* End PBXProject section */

/* Begin PBXResourcesBuildPhase section */
		EED74FBF2B3047A200D5EBB0 /* Resources */ = {
			isa = PBXResourcesBuildPhase;
			buildActionMask = 2147483647;
			files = (
				EED74FC92B3047A300D5EBB0 /* Assets.xcassets in Resources */,
				EED74FCC2B3047A300D5EBB0 /* Main.storyboard in Resources */,
			);
			runOnlyForDeploymentPostprocessing = 0;
		};
/* End PBXResourcesBuildPhase section */

/* Begin PBXShellScriptBuildPhase section */
		C5AEA01928B3E93D63A7C1B7 /* [CP] Check Pods Manifest.lock */ = {
			isa = PBXShellScriptBuildPhase;
			buildActionMask = 2147483647;
			files = (
			);
			inputFileListPaths = (
			);
			inputPaths = (
				"${PODS_PODFILE_DIR_PATH}/Podfile.lock",
				"${PODS_ROOT}/Manifest.lock",
			);
			name = "[CP] Check Pods Manifest.lock";
			outputFileListPaths = (
			);
			outputPaths = (
				"$(DERIVED_FILE_DIR)/Pods-librawPodDemo-checkManifestLockResult.txt",
			);
			runOnlyForDeploymentPostprocessing = 0;
			shellPath = /bin/sh;
			shellScript = "diff \"${PODS_PODFILE_DIR_PATH}/Podfile.lock\" \"${PODS_ROOT}/Manifest.lock\" > /dev/null\nif [ $? != 0 ] ; then\n    # print error to STDERR\n    echo \"error: The sandbox is not in sync with the Podfile.lock. Run 'pod install' or update your CocoaPods installation.\" >&2\n    exit 1\nfi\n# This output is used by Xcode 'outputs' to avoid re-running this script phase.\necho \"SUCCESS\" > \"${SCRIPT_OUTPUT_FILE_0}\"\n";
			showEnvVarsInLog = 0;
		};
/* End PBXShellScriptBuildPhase section */

/* Begin PBXSourcesBuildPhase section */
		EED74FBD2B3047A200D5EBB0 /* Sources */ = {
			isa = PBXSourcesBuildPhase;
			buildActionMask = 2147483647;
			files = (
				EED74FC72B3047A200D5EBB0 /* ViewController.swift in Sources */,
				EED74FD62B304B9200D5EBB0 /* PixRaw.mm in Sources */,
				EED74FC52B3047A200D5EBB0 /* AppDelegate.swift in Sources */,
			);
			runOnlyForDeploymentPostprocessing = 0;
		};
/* End PBXSourcesBuildPhase section */

/* Begin PBXVariantGroup section */
		EED74FCA2B3047A300D5EBB0 /* Main.storyboard */ = {
			isa = PBXVariantGroup;
			children = (
				EED74FCB2B3047A300D5EBB0 /* Base */,
			);
			name = Main.storyboard;
			sourceTree = "<group>";
		};
/* End PBXVariantGroup section */

/* Begin XCBuildConfiguration section */
		EED74FCE2B3047A300D5EBB0 /* Debug */ = {
			isa = XCBuildConfiguration;
			buildSettings = {
				ALWAYS_SEARCH_USER_PATHS = NO;
				ASSETCATALOG_COMPILER_GENERATE_SWIFT_ASSET_SYMBOL_EXTENSIONS = YES;
				CLANG_ANALYZER_NONNULL = YES;
				CLANG_ANALYZER_NUMBER_OBJECT_CONVERSION = YES_AGGRESSIVE;
				CLANG_CXX_LANGUAGE_STANDARD = "gnu++20";
				CLANG_ENABLE_MODULES = YES;
				CLANG_ENABLE_OBJC_ARC = YES;
				CLANG_ENABLE_OBJC_WEAK = YES;
				CLANG_WARN_BLOCK_CAPTURE_AUTORELEASING = YES;
				CLANG_WARN_BOOL_CONVERSION = YES;
				CLANG_WARN_COMMA = YES;
				CLANG_WARN_CONSTANT_CONVERSION = YES;
				CLANG_WARN_DEPRECATED_OBJC_IMPLEMENTATIONS = YES;
				CLANG_WARN_DIRECT_OBJC_ISA_USAGE = YES_ERROR;
				CLANG_WARN_DOCUMENTATION_COMMENTS = YES;
				CLANG_WARN_EMPTY_BODY = YES;
				CLANG_WARN_ENUM_CONVERSION = YES;
				CLANG_WARN_INFINITE_RECURSION = YES;
				CLANG_WARN_INT_CONVERSION = YES;
				CLANG_WARN_NON_LITERAL_NULL_CONVERSION = YES;
				CLANG_WARN_OBJC_IMPLICIT_RETAIN_SELF = YES;
				CLANG_WARN_OBJC_LITERAL_CONVERSION = YES;
				CLANG_WARN_OBJC_ROOT_CLASS = YES_ERROR;
				CLANG_WARN_QUOTED_INCLUDE_IN_FRAMEWORK_HEADER = YES;
				CLANG_WARN_RANGE_LOOP_ANALYSIS = YES;
				CLANG_WARN_STRICT_PROTOTYPES = YES;
				CLANG_WARN_SUSPICIOUS_MOVE = YES;
				CLANG_WARN_UNGUARDED_AVAILABILITY = YES_AGGRESSIVE;
				CLANG_WARN_UNREACHABLE_CODE = YES;
				CLANG_WARN__DUPLICATE_METHOD_MATCH = YES;
				COPY_PHASE_STRIP = NO;
				DEBUG_INFORMATION_FORMAT = dwarf;
				ENABLE_STRICT_OBJC_MSGSEND = YES;
				ENABLE_TESTABILITY = YES;
				ENABLE_USER_SCRIPT_SANDBOXING = YES;
				GCC_C_LANGUAGE_STANDARD = gnu17;
				GCC_DYNAMIC_NO_PIC = NO;
				GCC_NO_COMMON_BLOCKS = YES;
				GCC_OPTIMIZATION_LEVEL = 0;
				GCC_PREPROCESSOR_DEFINITIONS = (
					"DEBUG=1",
					"$(inherited)",
				);
				GCC_WARN_64_TO_32_BIT_CONVERSION = YES;
				GCC_WARN_ABOUT_RETURN_TYPE = YES_ERROR;
				GCC_WARN_UNDECLARED_SELECTOR = YES;
				GCC_WARN_UNINITIALIZED_AUTOS = YES_AGGRESSIVE;
				GCC_WARN_UNUSED_FUNCTION = YES;
				GCC_WARN_UNUSED_VARIABLE = YES;
				LOCALIZATION_PREFERS_STRING_CATALOGS = YES;
				MACOSX_DEPLOYMENT_TARGET = 14.0;
				MTL_ENABLE_DEBUG_INFO = INCLUDE_SOURCE;
				MTL_FAST_MATH = YES;
				ONLY_ACTIVE_ARCH = YES;
				SDKROOT = macosx;
				SWIFT_ACTIVE_COMPILATION_CONDITIONS = "DEBUG $(inherited)";
				SWIFT_OPTIMIZATION_LEVEL = "-Onone";
			};
			name = Debug;
		};
		EED74FCF2B3047A300D5EBB0 /* Release */ = {
			isa = XCBuildConfiguration;
			buildSettings = {
				ALWAYS_SEARCH_USER_PATHS = NO;
				ASSETCATALOG_COMPILER_GENERATE_SWIFT_ASSET_SYMBOL_EXTENSIONS = YES;
				CLANG_ANALYZER_NONNULL = YES;
				CLANG_ANALYZER_NUMBER_OBJECT_CONVERSION = YES_AGGRESSIVE;
				CLANG_CXX_LANGUAGE_STANDARD = "gnu++20";
				CLANG_ENABLE_MODULES = YES;
				CLANG_ENABLE_OBJC_ARC = YES;
				CLANG_ENABLE_OBJC_WEAK = YES;
				CLANG_WARN_BLOCK_CAPTURE_AUTORELEASING = YES;
				CLANG_WARN_BOOL_CONVERSION = YES;
				CLANG_WARN_COMMA = YES;
				CLANG_WARN_CONSTANT_CONVERSION = YES;
				CLANG_WARN_DEPRECATED_OBJC_IMPLEMENTATIONS = YES;
				CLANG_WARN_DIRECT_OBJC_ISA_USAGE = YES_ERROR;
				CLANG_WARN_DOCUMENTATION_COMMENTS = YES;
				CLANG_WARN_EMPTY_BODY = YES;
				CLANG_WARN_ENUM_CONVERSION = YES;
				CLANG_WARN_INFINITE_RECURSION = YES;
				CLANG_WARN_INT_CONVERSION = YES;
				CLANG_WARN_NON_LITERAL_NULL_CONVERSION = YES;
				CLANG_WARN_OBJC_IMPLICIT_RETAIN_SELF = YES;
				CLANG_WARN_OBJC_LITERAL_CONVERSION = YES;
				CLANG_WARN_OBJC_ROOT_CLASS = YES_ERROR;
				CLANG_WARN_QUOTED_INCLUDE_IN_FRAMEWORK_HEADER = YES;
				CLANG_WARN_RANGE_LOOP_ANALYSIS = YES;
				CLANG_WARN_STRICT_PROTOTYPES = YES;
				CLANG_WARN_SUSPICIOUS_MOVE = YES;
				CLANG_WARN_UNGUARDED_AVAILABILITY = YES_AGGRESSIVE;
				CLANG_WARN_UNREACHABLE_CODE = YES;
				CLANG_WARN__DUPLICATE_METHOD_MATCH = YES;
				COPY_PHASE_STRIP = NO;
				DEBUG_INFORMATION_FORMAT = "dwarf-with-dsym";
				ENABLE_NS_ASSERTIONS = NO;
				ENABLE_STRICT_OBJC_MSGSEND = YES;
				ENABLE_USER_SCRIPT_SANDBOXING = YES;
				GCC_C_LANGUAGE_STANDARD = gnu17;
				GCC_NO_COMMON_BLOCKS = YES;
				GCC_WARN_64_TO_32_BIT_CONVERSION = YES;
				GCC_WARN_ABOUT_RETURN_TYPE = YES_ERROR;
				GCC_WARN_UNDECLARED_SELECTOR = YES;
				GCC_WARN_UNINITIALIZED_AUTOS = YES_AGGRESSIVE;
				GCC_WARN_UNUSED_FUNCTION = YES;
				GCC_WARN_UNUSED_VARIABLE = YES;
				LOCALIZATION_PREFERS_STRING_CATALOGS = YES;
				MACOSX_DEPLOYMENT_TARGET = 14.0;
				MTL_ENABLE_DEBUG_INFO = NO;
				MTL_FAST_MATH = YES;
				SDKROOT = macosx;
				SWIFT_COMPILATION_MODE = wholemodule;
			};
			name = Release;
		};
		EED74FD12B3047A300D5EBB0 /* Debug */ = {
			isa = XCBuildConfiguration;
			baseConfigurationReference = 233D9EC114C048550B943871 /* Pods-librawPodDemo.debug.xcconfig */;
			buildSettings = {
				ASSETCATALOG_COMPILER_APPICON_NAME = AppIcon;
				ASSETCATALOG_COMPILER_GLOBAL_ACCENT_COLOR_NAME = AccentColor;
				CLANG_ENABLE_MODULES = YES;
				CODE_SIGN_ENTITLEMENTS = librawPodDemo/librawPodDemo.entitlements;
				CODE_SIGN_STYLE = Automatic;
				COMBINE_HIDPI_IMAGES = YES;
				CURRENT_PROJECT_VERSION = 1;
				GENERATE_INFOPLIST_FILE = YES;
				INFOPLIST_KEY_NSHumanReadableCopyright = "";
				INFOPLIST_KEY_NSMainStoryboardFile = Main;
				INFOPLIST_KEY_NSPrincipalClass = NSApplication;
				LD_RUNPATH_SEARCH_PATHS = (
					"$(inherited)",
					"@executable_path/../Frameworks",
				);
				MACOSX_DEPLOYMENT_TARGET = 10.15;
				MARKETING_VERSION = 1.0;
				PRODUCT_BUNDLE_IDENTIFIER = com.pixocial.librawPodDemo;
				PRODUCT_NAME = "$(TARGET_NAME)";
				SWIFT_EMIT_LOC_STRINGS = YES;
				SWIFT_OBJC_BRIDGING_HEADER = "librawPodDemo/librawPodDemo-Bridging-Header.h";
				SWIFT_OPTIMIZATION_LEVEL = "-Onone";
				SWIFT_VERSION = 5.0;
			};
			name = Debug;
		};
		EED74FD22B3047A300D5EBB0 /* Release */ = {
			isa = XCBuildConfiguration;
			baseConfigurationReference = 7521B588357DC3662970AEC7 /* Pods-librawPodDemo.release.xcconfig */;
			buildSettings = {
				ASSETCATALOG_COMPILER_APPICON_NAME = AppIcon;
				ASSETCATALOG_COMPILER_GLOBAL_ACCENT_COLOR_NAME = AccentColor;
				CLANG_ENABLE_MODULES = YES;
				CODE_SIGN_ENTITLEMENTS = librawPodDemo/librawPodDemo.entitlements;
				CODE_SIGN_STYLE = Automatic;
				COMBINE_HIDPI_IMAGES = YES;
				CURRENT_PROJECT_VERSION = 1;
				GENERATE_INFOPLIST_FILE = YES;
				INFOPLIST_KEY_NSHumanReadableCopyright = "";
				INFOPLIST_KEY_NSMainStoryboardFile = Main;
				INFOPLIST_KEY_NSPrincipalClass = NSApplication;
				LD_RUNPATH_SEARCH_PATHS = (
					"$(inherited)",
					"@executable_path/../Frameworks",
				);
				MACOSX_DEPLOYMENT_TARGET = 10.15;
				MARKETING_VERSION = 1.0;
				PRODUCT_BUNDLE_IDENTIFIER = com.pixocial.librawPodDemo;
				PRODUCT_NAME = "$(TARGET_NAME)";
				SWIFT_EMIT_LOC_STRINGS = YES;
				SWIFT_OBJC_BRIDGING_HEADER = "librawPodDemo/librawPodDemo-Bridging-Header.h";
				SWIFT_VERSION = 5.0;
			};
			name = Release;
		};
/* End XCBuildConfiguration section */

/* Begin XCConfigurationList section */
		EED74FBC2B3047A200D5EBB0 /* Build configuration list for PBXProject "librawPodDemo" */ = {
			isa = XCConfigurationList;
			buildConfigurations = (
				EED74FCE2B3047A300D5EBB0 /* Debug */,
				EED74FCF2B3047A300D5EBB0 /* Release */,
			);
			defaultConfigurationIsVisible = 0;
			defaultConfigurationName = Release;
		};
		EED74FD02B3047A300D5EBB0 /* Build configuration list for PBXNativeTarget "librawPodDemo" */ = {
			isa = XCConfigurationList;
			buildConfigurations = (
				EED74FD12B3047A300D5EBB0 /* Debug */,
				EED74FD22B3047A300D5EBB0 /* Release */,
			);
			defaultConfigurationIsVisible = 0;
			defaultConfigurationName = Release;
		};
/* End XCConfigurationList section */
	};
	rootObject = EED74FB92B3047A200D5EBB0 /* Project object */;
}
